
Microsoft Visual Studio Solution File, Format Version 12.00
Project("{FAE04EC0-301F-11D3-BF4B-00C04F79EFBC}") = "Public.Domain", "Public.Domain\Public.Domain.csproj", "{188FD641-D9DE-4024-8C32-0D6DB6772694}"
EndProject
Project("{FAE04EC0-301F-11D3-BF4B-00C04F79EFBC}") = "Public.Application", "Public.Application\Public.Application.csproj", "{B0E220D9-1328-406E-B2E7-9234949FDFA2}"
EndProject
Project("{FAE04EC0-301F-11D3-BF4B-00C04F79EFBC}") = "Public.Infrastructure", "Public.Infrastructure\Public.Infrastructure.csproj", "{92EAD9B7-AE86-4339-BA4D-24979DA6919E}"
EndProject
Project("{FAE04EC0-301F-11D3-BF4B-00C04F79EFBC}") = "Public.API", "Public.API\Public.API.csproj", "{076097C8-3FC9-4E68-A788-374A1A25B009}"
EndProject
Project("{FAE04EC0-301F-11D3-BF4B-00C04F79EFBC}") = "Public.UI", "Public.UI\Public.UI.csproj", "{C7A2E67E-2DD1-4619-B9A8-88FD328C288D}"
EndProject
Global
	GlobalSection(SolutionConfigurationPlatforms) = preSolution
		Debug|Any CPU = Debug|Any CPU
		Release|Any CPU = Release|Any CPU
	EndGlobalSection
	GlobalSection(ProjectConfigurationPlatforms) = postSolution
		{188FD641-D9DE-4024-8C32-0D6DB6772694}.Debug|Any CPU.ActiveCfg = Debug|Any CPU
		{188FD641-D9DE-4024-8C32-0D6DB6772694}.Debug|Any CPU.Build.0 = Debug|Any CPU
		{188FD641-D9DE-4024-8C32-0D6DB6772694}.Release|Any CPU.ActiveCfg = Release|Any CPU
		{188FD641-D9DE-4024-8C32-0D6DB6772694}.Release|Any CPU.Build.0 = Release|Any CPU
		{B0E220D9-1328-406E-B2E7-9234949FDFA2}.Debug|Any CPU.ActiveCfg = Debug|Any CPU
		{B0E220D9-1328-406E-B2E7-9234949FDFA2}.Debug|Any CPU.Build.0 = Debug|Any CPU
		{B0E220D9-1328-406E-B2E7-9234949FDFA2}.Release|Any CPU.ActiveCfg = Release|Any CPU
		{B0E220D9-1328-406E-B2E7-9234949FDFA2}.Release|Any CPU.Build.0 = Release|Any CPU
		{92EAD9B7-AE86-4339-BA4D-24979DA6919E}.Debug|Any CPU.ActiveCfg = Debug|Any CPU
		{92EAD9B7-AE86-4339-BA4D-24979DA6919E}.Debug|Any CPU.Build.0 = Debug|Any CPU
		{92EAD9B7-AE86-4339-BA4D-24979DA6919E}.Release|Any CPU.ActiveCfg = Release|Any CPU
		{92EAD9B7-AE86-4339-BA4D-24979DA6919E}.Release|Any CPU.Build.0 = Release|Any CPU
		{076097C8-3FC9-4E68-A788-374A1A25B009}.Debug|Any CPU.ActiveCfg = Debug|Any CPU
		{076097C8-3FC9-4E68-A788-374A1A25B009}.Debug|Any CPU.Build.0 = Debug|Any CPU
		{076097C8-3FC9-4E68-A788-374A1A25B009}.Release|Any CPU.ActiveCfg = Release|Any CPU
		{076097C8-3FC9-4E68-A788-374A1A25B009}.Release|Any CPU.Build.0 = Release|Any CPU
		{C7A2E67E-2DD1-4619-B9A8-88FD328C288D}.Debug|Any CPU.ActiveCfg = Debug|Any CPU
		{C7A2E67E-2DD1-4619-B9A8-88FD328C288D}.Debug|Any CPU.Build.0 = Debug|Any CPU
		{C7A2E67E-2DD1-4619-B9A8-88FD328C288D}.Release|Any CPU.ActiveCfg = Release|Any CPU
		{C7A2E67E-2DD1-4619-B9A8-88FD328C288D}.Release|Any CPU.Build.0 = Release|Any CPU
	EndGlobalSection
EndGlobal
